
Microsoft Visual Studio Solution File, Format Version 12.00
# Visual Studio 15
VisualStudioVersion = 15.0.26228.4
MinimumVisualStudioVersion = 10.0.40219.1
Project("{FAE04EC0-301F-11D3-BF4B-00C04F79EFBC}") = "Bspeak.Android", "Bspeak\Bspeak.Android\Bspeak.Android.csproj", "{BE629132-CEE4-4591-8C2C-255CA964B7BE}"
EndProject
Project("{FAE04EC0-301F-11D3-BF4B-00C04F79EFBC}") = "Bspeak", "Bspeak\Bspeak\Bspeak.csproj", "{E5F2CFAF-D794-43B7-BB2D-94CBBC657E98}"
EndProject
Project("{FAE04EC0-301F-11D3-BF4B-00C04F79EFBC}") = "Bspeak.iOS", "Bspeak\Bspeak.iOS\Bspeak.iOS.csproj", "{FCBE8BB7-CE8E-4AA7-A046-D98E117539D4}"
EndProject
Project("{2150E333-8FDC-42A3-9474-1A3956D46DE8}") = "Extra", "Extra", "{7DE60F13-14B3-4F19-AF57-61E2EB27DFB3}"
	ProjectSection(SolutionItems) = preProject
		Extra\Audio Realtime Prototype (Boris).docx = Extra\Audio Realtime Prototype (Boris).docx
		Extra\Bspeak UI Flow (Outsource).pdf = Extra\Bspeak UI Flow (Outsource).pdf
		Extra\Xamarin_Specification.docx = Extra\Xamarin_Specification.docx
	EndProjectSection
EndProject
Project("{2150E333-8FDC-42A3-9474-1A3956D46DE8}") = "Services", "Services", "{C1B3C3D1-1D0D-4065-BE6E-E315B0F53ED4}"
EndProject
Project("{FAE04EC0-301F-11D3-BF4B-00C04F79EFBC}") = "Bspeak.Services.VoiceRecorder.iOS", "Bspeak.Services.VoiceRecorder.iOS\Bspeak.Services.VoiceRecorder.iOS.csproj", "{FBEC01B4-9C67-42D9-9A34-48A2703B6207}"
EndProject
Project("{FAE04EC0-301F-11D3-BF4B-00C04F79EFBC}") = "Bspeak.Services.VoiceRecorder.Android", "Bspeak.Services.VoiceRecorder.Android\Bspeak.Services.VoiceRecorder.Android.csproj", "{3DC0F800-5448-48DA-9F1D-40BEE873F7FB}"
EndProject
Project("{FAE04EC0-301F-11D3-BF4B-00C04F79EFBC}") = "Bspeak.Services.VoiceRecorder.Abstractions", "Bspeak.Services.VoiceRecorder.Abstractions\Bspeak.Services.VoiceRecorder.Abstractions.csproj", "{67F9D3A8-F71E-4428-913F-C37AE82CDB24}"
EndProject
Project("{2150E333-8FDC-42A3-9474-1A3956D46DE8}") = "AppUI", "AppUI", "{64842195-011B-46DE-8431-4C515B513D36}"
EndProject
Project("{FAE04EC0-301F-11D3-BF4B-00C04F79EFBC}") = "Bspeak.Services.FrequencyResolver", "Bspeak.Services.FrequencyResolver\Bspeak.Services.FrequencyResolver.csproj", "{9F0EBC90-B284-47D1-B5E2-3A58429BFB59}"
EndProject
Project("{FAE04EC0-301F-11D3-BF4B-00C04F79EFBC}") = "Bspeak.Services.LoessInterpolator", "Bspeak.Services.LoessInterpolator\Bspeak.Services.LoessInterpolator.csproj", "{17018433-A5AB-4CB0-8507-30889845C71A}"
EndProject
Project("{FAE04EC0-301F-11D3-BF4B-00C04F79EFBC}") = "Bspeak.Services.Auth", "Bspeak.Services.Auth\Bspeak.Services.Auth.csproj", "{4DDA6AC8-9BEC-42E6-9593-4E1062E3C71D}"
EndProject
Project("{FAE04EC0-301F-11D3-BF4B-00C04F79EFBC}") = "Bspeak.Services.Data", "Bspeak.Services.Data\Bspeak.Services.Data.csproj", "{2FA61FFE-16DE-4225-B953-9F807D182CA2}"
EndProject
Project("{2150E333-8FDC-42A3-9474-1A3956D46DE8}") = "Core", "Core", "{ECF6F554-C191-4322-9616-914F06E249FE}"
EndProject
Project("{FAE04EC0-301F-11D3-BF4B-00C04F79EFBC}") = "Bspeak.Core", "Bspeak.Core\Bspeak.Core.csproj", "{5D67C64B-930A-49B5-B171-58BCE0544E05}"
EndProject
Global
	GlobalSection(SolutionConfigurationPlatforms) = preSolution
		Ad-Hoc|Any CPU = Ad-Hoc|Any CPU
		Ad-Hoc|iPhone = Ad-Hoc|iPhone
		Ad-Hoc|iPhoneSimulator = Ad-Hoc|iPhoneSimulator
		AppStore|Any CPU = AppStore|Any CPU
		AppStore|iPhone = AppStore|iPhone
		AppStore|iPhoneSimulator = AppStore|iPhoneSimulator
		Debug|Any CPU = Debug|Any CPU
		Debug|iPhone = Debug|iPhone
		Debug|iPhoneSimulator = Debug|iPhoneSimulator
		Release|Any CPU = Release|Any CPU
		Release|iPhone = Release|iPhone
		Release|iPhoneSimulator = Release|iPhoneSimulator
	EndGlobalSection
	GlobalSection(ProjectConfigurationPlatforms) = postSolution
		{BE629132-CEE4-4591-8C2C-255CA964B7BE}.Ad-Hoc|Any CPU.ActiveCfg = Release|Any CPU
		{BE629132-CEE4-4591-8C2C-255CA964B7BE}.Ad-Hoc|Any CPU.Build.0 = Release|Any CPU
		{BE629132-CEE4-4591-8C2C-255CA964B7BE}.Ad-Hoc|Any CPU.Deploy.0 = Release|Any CPU
		{BE629132-CEE4-4591-8C2C-255CA964B7BE}.Ad-Hoc|iPhone.ActiveCfg = Release|Any CPU
		{BE629132-CEE4-4591-8C2C-255CA964B7BE}.Ad-Hoc|iPhone.Build.0 = Release|Any CPU
		{BE629132-CEE4-4591-8C2C-255CA964B7BE}.Ad-Hoc|iPhone.Deploy.0 = Release|Any CPU
		{BE629132-CEE4-4591-8C2C-255CA964B7BE}.Ad-Hoc|iPhoneSimulator.ActiveCfg = Release|Any CPU
		{BE629132-CEE4-4591-8C2C-255CA964B7BE}.Ad-Hoc|iPhoneSimulator.Build.0 = Release|Any CPU
		{BE629132-CEE4-4591-8C2C-255CA964B7BE}.Ad-Hoc|iPhoneSimulator.Deploy.0 = Release|Any CPU
		{BE629132-CEE4-4591-8C2C-255CA964B7BE}.AppStore|Any CPU.ActiveCfg = Release|Any CPU
		{BE629132-CEE4-4591-8C2C-255CA964B7BE}.AppStore|Any CPU.Build.0 = Release|Any CPU
		{BE629132-CEE4-4591-8C2C-255CA964B7BE}.AppStore|Any CPU.Deploy.0 = Release|Any CPU
		{BE629132-CEE4-4591-8C2C-255CA964B7BE}.AppStore|iPhone.ActiveCfg = Release|Any CPU
		{BE629132-CEE4-4591-8C2C-255CA964B7BE}.AppStore|iPhone.Build.0 = Release|Any CPU
		{BE629132-CEE4-4591-8C2C-255CA964B7BE}.AppStore|iPhone.Deploy.0 = Release|Any CPU
		{BE629132-CEE4-4591-8C2C-255CA964B7BE}.AppStore|iPhoneSimulator.ActiveCfg = Release|Any CPU
		{BE629132-CEE4-4591-8C2C-255CA964B7BE}.AppStore|iPhoneSimulator.Build.0 = Release|Any CPU
		{BE629132-CEE4-4591-8C2C-255CA964B7BE}.AppStore|iPhoneSimulator.Deploy.0 = Release|Any CPU
		{BE629132-CEE4-4591-8C2C-255CA964B7BE}.Debug|Any CPU.ActiveCfg = Debug|Any CPU
		{BE629132-CEE4-4591-8C2C-255CA964B7BE}.Debug|Any CPU.Build.0 = Debug|Any CPU
		{BE629132-CEE4-4591-8C2C-255CA964B7BE}.Debug|Any CPU.Deploy.0 = Debug|Any CPU
		{BE629132-CEE4-4591-8C2C-255CA964B7BE}.Debug|iPhone.ActiveCfg = Debug|Any CPU
		{BE629132-CEE4-4591-8C2C-255CA964B7BE}.Debug|iPhone.Build.0 = Debug|Any CPU
		{BE629132-CEE4-4591-8C2C-255CA964B7BE}.Debug|iPhone.Deploy.0 = Debug|Any CPU
		{BE629132-CEE4-4591-8C2C-255CA964B7BE}.Debug|iPhoneSimulator.ActiveCfg = Debug|Any CPU
		{BE629132-CEE4-4591-8C2C-255CA964B7BE}.Debug|iPhoneSimulator.Build.0 = Debug|Any CPU
		{BE629132-CEE4-4591-8C2C-255CA964B7BE}.Debug|iPhoneSimulator.Deploy.0 = Debug|Any CPU
		{BE629132-CEE4-4591-8C2C-255CA964B7BE}.Release|Any CPU.ActiveCfg = Release|Any CPU
		{BE629132-CEE4-4591-8C2C-255CA964B7BE}.Release|Any CPU.Build.0 = Release|Any CPU
		{BE629132-CEE4-4591-8C2C-255CA964B7BE}.Release|Any CPU.Deploy.0 = Release|Any CPU
		{BE629132-CEE4-4591-8C2C-255CA964B7BE}.Release|iPhone.ActiveCfg = Release|Any CPU
		{BE629132-CEE4-4591-8C2C-255CA964B7BE}.Release|iPhone.Build.0 = Release|Any CPU
		{BE629132-CEE4-4591-8C2C-255CA964B7BE}.Release|iPhone.Deploy.0 = Release|Any CPU
		{BE629132-CEE4-4591-8C2C-255CA964B7BE}.Release|iPhoneSimulator.ActiveCfg = Release|Any CPU
		{BE629132-CEE4-4591-8C2C-255CA964B7BE}.Release|iPhoneSimulator.Build.0 = Release|Any CPU
		{BE629132-CEE4-4591-8C2C-255CA964B7BE}.Release|iPhoneSimulator.Deploy.0 = Release|Any CPU
		{E5F2CFAF-D794-43B7-BB2D-94CBBC657E98}.Ad-Hoc|Any CPU.ActiveCfg = Release|Any CPU
		{E5F2CFAF-D794-43B7-BB2D-94CBBC657E98}.Ad-Hoc|Any CPU.Build.0 = Release|Any CPU
		{E5F2CFAF-D794-43B7-BB2D-94CBBC657E98}.Ad-Hoc|iPhone.ActiveCfg = Release|Any CPU
		{E5F2CFAF-D794-43B7-BB2D-94CBBC657E98}.Ad-Hoc|iPhone.Build.0 = Release|Any CPU
		{E5F2CFAF-D794-43B7-BB2D-94CBBC657E98}.Ad-Hoc|iPhoneSimulator.ActiveCfg = Release|Any CPU
		{E5F2CFAF-D794-43B7-BB2D-94CBBC657E98}.Ad-Hoc|iPhoneSimulator.Build.0 = Release|Any CPU
		{E5F2CFAF-D794-43B7-BB2D-94CBBC657E98}.AppStore|Any CPU.ActiveCfg = Release|Any CPU
		{E5F2CFAF-D794-43B7-BB2D-94CBBC657E98}.AppStore|Any CPU.Build.0 = Release|Any CPU
		{E5F2CFAF-D794-43B7-BB2D-94CBBC657E98}.AppStore|iPhone.ActiveCfg = Release|Any CPU
		{E5F2CFAF-D794-43B7-BB2D-94CBBC657E98}.AppStore|iPhone.Build.0 = Release|Any CPU
		{E5F2CFAF-D794-43B7-BB2D-94CBBC657E98}.AppStore|iPhoneSimulator.ActiveCfg = Release|Any CPU
		{E5F2CFAF-D794-43B7-BB2D-94CBBC657E98}.AppStore|iPhoneSimulator.Build.0 = Release|Any CPU
		{E5F2CFAF-D794-43B7-BB2D-94CBBC657E98}.Debug|Any CPU.ActiveCfg = Debug|Any CPU
		{E5F2CFAF-D794-43B7-BB2D-94CBBC657E98}.Debug|Any CPU.Build.0 = Debug|Any CPU
		{E5F2CFAF-D794-43B7-BB2D-94CBBC657E98}.Debug|iPhone.ActiveCfg = Debug|Any CPU
		{E5F2CFAF-D794-43B7-BB2D-94CBBC657E98}.Debug|iPhone.Build.0 = Debug|Any CPU
		{E5F2CFAF-D794-43B7-BB2D-94CBBC657E98}.Debug|iPhoneSimulator.ActiveCfg = Debug|Any CPU
		{E5F2CFAF-D794-43B7-BB2D-94CBBC657E98}.Debug|iPhoneSimulator.Build.0 = Debug|Any CPU
		{E5F2CFAF-D794-43B7-BB2D-94CBBC657E98}.Release|Any CPU.ActiveCfg = Release|Any CPU
		{E5F2CFAF-D794-43B7-BB2D-94CBBC657E98}.Release|Any CPU.Build.0 = Release|Any CPU
		{E5F2CFAF-D794-43B7-BB2D-94CBBC657E98}.Release|iPhone.ActiveCfg = Release|Any CPU
		{E5F2CFAF-D794-43B7-BB2D-94CBBC657E98}.Release|iPhone.Build.0 = Release|Any CPU
		{E5F2CFAF-D794-43B7-BB2D-94CBBC657E98}.Release|iPhoneSimulator.ActiveCfg = Release|Any CPU
		{E5F2CFAF-D794-43B7-BB2D-94CBBC657E98}.Release|iPhoneSimulator.Build.0 = Release|Any CPU
		{FCBE8BB7-CE8E-4AA7-A046-D98E117539D4}.Ad-Hoc|Any CPU.ActiveCfg = Ad-Hoc|iPhone
		{FCBE8BB7-CE8E-4AA7-A046-D98E117539D4}.Ad-Hoc|iPhone.ActiveCfg = Ad-Hoc|iPhone
		{FCBE8BB7-CE8E-4AA7-A046-D98E117539D4}.Ad-Hoc|iPhone.Build.0 = Ad-Hoc|iPhone
		{FCBE8BB7-CE8E-4AA7-A046-D98E117539D4}.Ad-Hoc|iPhoneSimulator.ActiveCfg = Ad-Hoc|iPhoneSimulator
		{FCBE8BB7-CE8E-4AA7-A046-D98E117539D4}.Ad-Hoc|iPhoneSimulator.Build.0 = Ad-Hoc|iPhoneSimulator
		{FCBE8BB7-CE8E-4AA7-A046-D98E117539D4}.AppStore|Any CPU.ActiveCfg = AppStore|iPhone
		{FCBE8BB7-CE8E-4AA7-A046-D98E117539D4}.AppStore|iPhone.ActiveCfg = AppStore|iPhone
		{FCBE8BB7-CE8E-4AA7-A046-D98E117539D4}.AppStore|iPhone.Build.0 = AppStore|iPhone
		{FCBE8BB7-CE8E-4AA7-A046-D98E117539D4}.AppStore|iPhoneSimulator.ActiveCfg = AppStore|iPhoneSimulator
		{FCBE8BB7-CE8E-4AA7-A046-D98E117539D4}.AppStore|iPhoneSimulator.Build.0 = AppStore|iPhoneSimulator
		{FCBE8BB7-CE8E-4AA7-A046-D98E117539D4}.Debug|Any CPU.ActiveCfg = Debug|iPhone
		{FCBE8BB7-CE8E-4AA7-A046-D98E117539D4}.Debug|iPhone.ActiveCfg = Debug|iPhone
		{FCBE8BB7-CE8E-4AA7-A046-D98E117539D4}.Debug|iPhone.Build.0 = Debug|iPhone
		{FCBE8BB7-CE8E-4AA7-A046-D98E117539D4}.Debug|iPhoneSimulator.ActiveCfg = Debug|iPhoneSimulator
		{FCBE8BB7-CE8E-4AA7-A046-D98E117539D4}.Debug|iPhoneSimulator.Build.0 = Debug|iPhoneSimulator
		{FCBE8BB7-CE8E-4AA7-A046-D98E117539D4}.Release|Any CPU.ActiveCfg = Release|iPhone
		{FCBE8BB7-CE8E-4AA7-A046-D98E117539D4}.Release|iPhone.ActiveCfg = Release|iPhone
		{FCBE8BB7-CE8E-4AA7-A046-D98E117539D4}.Release|iPhone.Build.0 = Release|iPhone
		{FCBE8BB7-CE8E-4AA7-A046-D98E117539D4}.Release|iPhoneSimulator.ActiveCfg = Release|iPhoneSimulator
		{FCBE8BB7-CE8E-4AA7-A046-D98E117539D4}.Release|iPhoneSimulator.Build.0 = Release|iPhoneSimulator
		{FBEC01B4-9C67-42D9-9A34-48A2703B6207}.Ad-Hoc|Any CPU.ActiveCfg = Release|Any CPU
		{FBEC01B4-9C67-42D9-9A34-48A2703B6207}.Ad-Hoc|Any CPU.Build.0 = Release|Any CPU
		{FBEC01B4-9C67-42D9-9A34-48A2703B6207}.Ad-Hoc|iPhone.ActiveCfg = Release|Any CPU
		{FBEC01B4-9C67-42D9-9A34-48A2703B6207}.Ad-Hoc|iPhone.Build.0 = Release|Any CPU
		{FBEC01B4-9C67-42D9-9A34-48A2703B6207}.Ad-Hoc|iPhoneSimulator.ActiveCfg = Release|Any CPU
		{FBEC01B4-9C67-42D9-9A34-48A2703B6207}.Ad-Hoc|iPhoneSimulator.Build.0 = Release|Any CPU
		{FBEC01B4-9C67-42D9-9A34-48A2703B6207}.AppStore|Any CPU.ActiveCfg = Release|Any CPU
		{FBEC01B4-9C67-42D9-9A34-48A2703B6207}.AppStore|Any CPU.Build.0 = Release|Any CPU
		{FBEC01B4-9C67-42D9-9A34-48A2703B6207}.AppStore|iPhone.ActiveCfg = Release|Any CPU
		{FBEC01B4-9C67-42D9-9A34-48A2703B6207}.AppStore|iPhone.Build.0 = Release|Any CPU
		{FBEC01B4-9C67-42D9-9A34-48A2703B6207}.AppStore|iPhoneSimulator.ActiveCfg = Release|Any CPU
		{FBEC01B4-9C67-42D9-9A34-48A2703B6207}.AppStore|iPhoneSimulator.Build.0 = Release|Any CPU
		{FBEC01B4-9C67-42D9-9A34-48A2703B6207}.Debug|Any CPU.ActiveCfg = Debug|Any CPU
		{FBEC01B4-9C67-42D9-9A34-48A2703B6207}.Debug|Any CPU.Build.0 = Debug|Any CPU
		{FBEC01B4-9C67-42D9-9A34-48A2703B6207}.Debug|iPhone.ActiveCfg = Debug|Any CPU
		{FBEC01B4-9C67-42D9-9A34-48A2703B6207}.Debug|iPhone.Build.0 = Debug|Any CPU
		{FBEC01B4-9C67-42D9-9A34-48A2703B6207}.Debug|iPhoneSimulator.ActiveCfg = Debug|Any CPU
		{FBEC01B4-9C67-42D9-9A34-48A2703B6207}.Debug|iPhoneSimulator.Build.0 = Debug|Any CPU
		{FBEC01B4-9C67-42D9-9A34-48A2703B6207}.Release|Any CPU.ActiveCfg = Release|Any CPU
		{FBEC01B4-9C67-42D9-9A34-48A2703B6207}.Release|Any CPU.Build.0 = Release|Any CPU
		{FBEC01B4-9C67-42D9-9A34-48A2703B6207}.Release|iPhone.ActiveCfg = Release|Any CPU
		{FBEC01B4-9C67-42D9-9A34-48A2703B6207}.Release|iPhone.Build.0 = Release|Any CPU
		{FBEC01B4-9C67-42D9-9A34-48A2703B6207}.Release|iPhoneSimulator.ActiveCfg = Release|Any CPU
		{FBEC01B4-9C67-42D9-9A34-48A2703B6207}.Release|iPhoneSimulator.Build.0 = Release|Any CPU
		{3DC0F800-5448-48DA-9F1D-40BEE873F7FB}.Ad-Hoc|Any CPU.ActiveCfg = Release|Any CPU
		{3DC0F800-5448-48DA-9F1D-40BEE873F7FB}.Ad-Hoc|Any CPU.Build.0 = Release|Any CPU
		{3DC0F800-5448-48DA-9F1D-40BEE873F7FB}.Ad-Hoc|iPhone.ActiveCfg = Release|Any CPU
		{3DC0F800-5448-48DA-9F1D-40BEE873F7FB}.Ad-Hoc|iPhone.Build.0 = Release|Any CPU
		{3DC0F800-5448-48DA-9F1D-40BEE873F7FB}.Ad-Hoc|iPhoneSimulator.ActiveCfg = Release|Any CPU
		{3DC0F800-5448-48DA-9F1D-40BEE873F7FB}.Ad-Hoc|iPhoneSimulator.Build.0 = Release|Any CPU
		{3DC0F800-5448-48DA-9F1D-40BEE873F7FB}.AppStore|Any CPU.ActiveCfg = Release|Any CPU
		{3DC0F800-5448-48DA-9F1D-40BEE873F7FB}.AppStore|Any CPU.Build.0 = Release|Any CPU
		{3DC0F800-5448-48DA-9F1D-40BEE873F7FB}.AppStore|iPhone.ActiveCfg = Release|Any CPU
		{3DC0F800-5448-48DA-9F1D-40BEE873F7FB}.AppStore|iPhone.Build.0 = Release|Any CPU
		{3DC0F800-5448-48DA-9F1D-40BEE873F7FB}.AppStore|iPhoneSimulator.ActiveCfg = Release|Any CPU
		{3DC0F800-5448-48DA-9F1D-40BEE873F7FB}.AppStore|iPhoneSimulator.Build.0 = Release|Any CPU
		{3DC0F800-5448-48DA-9F1D-40BEE873F7FB}.Debug|Any CPU.ActiveCfg = Debug|Any CPU
		{3DC0F800-5448-48DA-9F1D-40BEE873F7FB}.Debug|Any CPU.Build.0 = Debug|Any CPU
		{3DC0F800-5448-48DA-9F1D-40BEE873F7FB}.Debug|iPhone.ActiveCfg = Debug|Any CPU
		{3DC0F800-5448-48DA-9F1D-40BEE873F7FB}.Debug|iPhone.Build.0 = Debug|Any CPU
		{3DC0F800-5448-48DA-9F1D-40BEE873F7FB}.Debug|iPhoneSimulator.ActiveCfg = Debug|Any CPU
		{3DC0F800-5448-48DA-9F1D-40BEE873F7FB}.Debug|iPhoneSimulator.Build.0 = Debug|Any CPU
		{3DC0F800-5448-48DA-9F1D-40BEE873F7FB}.Release|Any CPU.ActiveCfg = Release|Any CPU
		{3DC0F800-5448-48DA-9F1D-40BEE873F7FB}.Release|Any CPU.Build.0 = Release|Any CPU
		{3DC0F800-5448-48DA-9F1D-40BEE873F7FB}.Release|iPhone.ActiveCfg = Release|Any CPU
		{3DC0F800-5448-48DA-9F1D-40BEE873F7FB}.Release|iPhone.Build.0 = Release|Any CPU
		{3DC0F800-5448-48DA-9F1D-40BEE873F7FB}.Release|iPhoneSimulator.ActiveCfg = Release|Any CPU
		{3DC0F800-5448-48DA-9F1D-40BEE873F7FB}.Release|iPhoneSimulator.Build.0 = Release|Any CPU
		{67F9D3A8-F71E-4428-913F-C37AE82CDB24}.Ad-Hoc|Any CPU.ActiveCfg = Release|Any CPU
		{67F9D3A8-F71E-4428-913F-C37AE82CDB24}.Ad-Hoc|Any CPU.Build.0 = Release|Any CPU
		{67F9D3A8-F71E-4428-913F-C37AE82CDB24}.Ad-Hoc|iPhone.ActiveCfg = Release|Any CPU
		{67F9D3A8-F71E-4428-913F-C37AE82CDB24}.Ad-Hoc|iPhone.Build.0 = Release|Any CPU
		{67F9D3A8-F71E-4428-913F-C37AE82CDB24}.Ad-Hoc|iPhoneSimulator.ActiveCfg = Release|Any CPU
		{67F9D3A8-F71E-4428-913F-C37AE82CDB24}.Ad-Hoc|iPhoneSimulator.Build.0 = Release|Any CPU
		{67F9D3A8-F71E-4428-913F-C37AE82CDB24}.AppStore|Any CPU.ActiveCfg = Release|Any CPU
		{67F9D3A8-F71E-4428-913F-C37AE82CDB24}.AppStore|Any CPU.Build.0 = Release|Any CPU
		{67F9D3A8-F71E-4428-913F-C37AE82CDB24}.AppStore|iPhone.ActiveCfg = Release|Any CPU
		{67F9D3A8-F71E-4428-913F-C37AE82CDB24}.AppStore|iPhone.Build.0 = Release|Any CPU
		{67F9D3A8-F71E-4428-913F-C37AE82CDB24}.AppStore|iPhoneSimulator.ActiveCfg = Release|Any CPU
		{67F9D3A8-F71E-4428-913F-C37AE82CDB24}.AppStore|iPhoneSimulator.Build.0 = Release|Any CPU
		{67F9D3A8-F71E-4428-913F-C37AE82CDB24}.Debug|Any CPU.ActiveCfg = Debug|Any CPU
		{67F9D3A8-F71E-4428-913F-C37AE82CDB24}.Debug|Any CPU.Build.0 = Debug|Any CPU
		{67F9D3A8-F71E-4428-913F-C37AE82CDB24}.Debug|iPhone.ActiveCfg = Debug|Any CPU
		{67F9D3A8-F71E-4428-913F-C37AE82CDB24}.Debug|iPhone.Build.0 = Debug|Any CPU
		{67F9D3A8-F71E-4428-913F-C37AE82CDB24}.Debug|iPhoneSimulator.ActiveCfg = Debug|Any CPU
		{67F9D3A8-F71E-4428-913F-C37AE82CDB24}.Debug|iPhoneSimulator.Build.0 = Debug|Any CPU
		{67F9D3A8-F71E-4428-913F-C37AE82CDB24}.Release|Any CPU.ActiveCfg = Release|Any CPU
		{67F9D3A8-F71E-4428-913F-C37AE82CDB24}.Release|Any CPU.Build.0 = Release|Any CPU
		{67F9D3A8-F71E-4428-913F-C37AE82CDB24}.Release|iPhone.ActiveCfg = Release|Any CPU
		{67F9D3A8-F71E-4428-913F-C37AE82CDB24}.Release|iPhone.Build.0 = Release|Any CPU
		{67F9D3A8-F71E-4428-913F-C37AE82CDB24}.Release|iPhoneSimulator.ActiveCfg = Release|Any CPU
		{67F9D3A8-F71E-4428-913F-C37AE82CDB24}.Release|iPhoneSimulator.Build.0 = Release|Any CPU
		{9F0EBC90-B284-47D1-B5E2-3A58429BFB59}.Ad-Hoc|Any CPU.ActiveCfg = Release|Any CPU
		{9F0EBC90-B284-47D1-B5E2-3A58429BFB59}.Ad-Hoc|Any CPU.Build.0 = Release|Any CPU
		{9F0EBC90-B284-47D1-B5E2-3A58429BFB59}.Ad-Hoc|iPhone.ActiveCfg = Release|Any CPU
		{9F0EBC90-B284-47D1-B5E2-3A58429BFB59}.Ad-Hoc|iPhone.Build.0 = Release|Any CPU
		{9F0EBC90-B284-47D1-B5E2-3A58429BFB59}.Ad-Hoc|iPhoneSimulator.ActiveCfg = Release|Any CPU
		{9F0EBC90-B284-47D1-B5E2-3A58429BFB59}.Ad-Hoc|iPhoneSimulator.Build.0 = Release|Any CPU
		{9F0EBC90-B284-47D1-B5E2-3A58429BFB59}.AppStore|Any CPU.ActiveCfg = Release|Any CPU
		{9F0EBC90-B284-47D1-B5E2-3A58429BFB59}.AppStore|Any CPU.Build.0 = Release|Any CPU
		{9F0EBC90-B284-47D1-B5E2-3A58429BFB59}.AppStore|iPhone.ActiveCfg = Release|Any CPU
		{9F0EBC90-B284-47D1-B5E2-3A58429BFB59}.AppStore|iPhone.Build.0 = Release|Any CPU
		{9F0EBC90-B284-47D1-B5E2-3A58429BFB59}.AppStore|iPhoneSimulator.ActiveCfg = Release|Any CPU
		{9F0EBC90-B284-47D1-B5E2-3A58429BFB59}.AppStore|iPhoneSimulator.Build.0 = Release|Any CPU
		{9F0EBC90-B284-47D1-B5E2-3A58429BFB59}.Debug|Any CPU.ActiveCfg = Debug|Any CPU
		{9F0EBC90-B284-47D1-B5E2-3A58429BFB59}.Debug|Any CPU.Build.0 = Debug|Any CPU
		{9F0EBC90-B284-47D1-B5E2-3A58429BFB59}.Debug|iPhone.ActiveCfg = Debug|Any CPU
		{9F0EBC90-B284-47D1-B5E2-3A58429BFB59}.Debug|iPhone.Build.0 = Debug|Any CPU
		{9F0EBC90-B284-47D1-B5E2-3A58429BFB59}.Debug|iPhoneSimulator.ActiveCfg = Debug|Any CPU
		{9F0EBC90-B284-47D1-B5E2-3A58429BFB59}.Debug|iPhoneSimulator.Build.0 = Debug|Any CPU
		{9F0EBC90-B284-47D1-B5E2-3A58429BFB59}.Release|Any CPU.ActiveCfg = Release|Any CPU
		{9F0EBC90-B284-47D1-B5E2-3A58429BFB59}.Release|Any CPU.Build.0 = Release|Any CPU
		{9F0EBC90-B284-47D1-B5E2-3A58429BFB59}.Release|iPhone.ActiveCfg = Release|Any CPU
		{9F0EBC90-B284-47D1-B5E2-3A58429BFB59}.Release|iPhone.Build.0 = Release|Any CPU
		{9F0EBC90-B284-47D1-B5E2-3A58429BFB59}.Release|iPhoneSimulator.ActiveCfg = Release|Any CPU
		{9F0EBC90-B284-47D1-B5E2-3A58429BFB59}.Release|iPhoneSimulator.Build.0 = Release|Any CPU
		{17018433-A5AB-4CB0-8507-30889845C71A}.Ad-Hoc|Any CPU.ActiveCfg = Release|Any CPU
		{17018433-A5AB-4CB0-8507-30889845C71A}.Ad-Hoc|Any CPU.Build.0 = Release|Any CPU
		{17018433-A5AB-4CB0-8507-30889845C71A}.Ad-Hoc|iPhone.ActiveCfg = Release|Any CPU
		{17018433-A5AB-4CB0-8507-30889845C71A}.Ad-Hoc|iPhone.Build.0 = Release|Any CPU
		{17018433-A5AB-4CB0-8507-30889845C71A}.Ad-Hoc|iPhoneSimulator.ActiveCfg = Release|Any CPU
		{17018433-A5AB-4CB0-8507-30889845C71A}.Ad-Hoc|iPhoneSimulator.Build.0 = Release|Any CPU
		{17018433-A5AB-4CB0-8507-30889845C71A}.AppStore|Any CPU.ActiveCfg = Release|Any CPU
		{17018433-A5AB-4CB0-8507-30889845C71A}.AppStore|Any CPU.Build.0 = Release|Any CPU
		{17018433-A5AB-4CB0-8507-30889845C71A}.AppStore|iPhone.ActiveCfg = Release|Any CPU
		{17018433-A5AB-4CB0-8507-30889845C71A}.AppStore|iPhone.Build.0 = Release|Any CPU
		{17018433-A5AB-4CB0-8507-30889845C71A}.AppStore|iPhoneSimulator.ActiveCfg = Release|Any CPU
		{17018433-A5AB-4CB0-8507-30889845C71A}.AppStore|iPhoneSimulator.Build.0 = Release|Any CPU
		{17018433-A5AB-4CB0-8507-30889845C71A}.Debug|Any CPU.ActiveCfg = Debug|Any CPU
		{17018433-A5AB-4CB0-8507-30889845C71A}.Debug|Any CPU.Build.0 = Debug|Any CPU
		{17018433-A5AB-4CB0-8507-30889845C71A}.Debug|iPhone.ActiveCfg = Debug|Any CPU
		{17018433-A5AB-4CB0-8507-30889845C71A}.Debug|iPhone.Build.0 = Debug|Any CPU
		{17018433-A5AB-4CB0-8507-30889845C71A}.Debug|iPhoneSimulator.ActiveCfg = Debug|Any CPU
		{17018433-A5AB-4CB0-8507-30889845C71A}.Debug|iPhoneSimulator.Build.0 = Debug|Any CPU
		{17018433-A5AB-4CB0-8507-30889845C71A}.Release|Any CPU.ActiveCfg = Release|Any CPU
		{17018433-A5AB-4CB0-8507-30889845C71A}.Release|Any CPU.Build.0 = Release|Any CPU
		{17018433-A5AB-4CB0-8507-30889845C71A}.Release|iPhone.ActiveCfg = Release|Any CPU
		{17018433-A5AB-4CB0-8507-30889845C71A}.Release|iPhone.Build.0 = Release|Any CPU
		{17018433-A5AB-4CB0-8507-30889845C71A}.Release|iPhoneSimulator.ActiveCfg = Release|Any CPU
		{17018433-A5AB-4CB0-8507-30889845C71A}.Release|iPhoneSimulator.Build.0 = Release|Any CPU
		{4DDA6AC8-9BEC-42E6-9593-4E1062E3C71D}.Ad-Hoc|Any CPU.ActiveCfg = Release|Any CPU
		{4DDA6AC8-9BEC-42E6-9593-4E1062E3C71D}.Ad-Hoc|Any CPU.Build.0 = Release|Any CPU
		{4DDA6AC8-9BEC-42E6-9593-4E1062E3C71D}.Ad-Hoc|iPhone.ActiveCfg = Release|Any CPU
		{4DDA6AC8-9BEC-42E6-9593-4E1062E3C71D}.Ad-Hoc|iPhone.Build.0 = Release|Any CPU
		{4DDA6AC8-9BEC-42E6-9593-4E1062E3C71D}.Ad-Hoc|iPhoneSimulator.ActiveCfg = Release|Any CPU
		{4DDA6AC8-9BEC-42E6-9593-4E1062E3C71D}.Ad-Hoc|iPhoneSimulator.Build.0 = Release|Any CPU
		{4DDA6AC8-9BEC-42E6-9593-4E1062E3C71D}.AppStore|Any CPU.ActiveCfg = Release|Any CPU
		{4DDA6AC8-9BEC-42E6-9593-4E1062E3C71D}.AppStore|Any CPU.Build.0 = Release|Any CPU
		{4DDA6AC8-9BEC-42E6-9593-4E1062E3C71D}.AppStore|iPhone.ActiveCfg = Release|Any CPU
		{4DDA6AC8-9BEC-42E6-9593-4E1062E3C71D}.AppStore|iPhone.Build.0 = Release|Any CPU
		{4DDA6AC8-9BEC-42E6-9593-4E1062E3C71D}.AppStore|iPhoneSimulator.ActiveCfg = Release|Any CPU
		{4DDA6AC8-9BEC-42E6-9593-4E1062E3C71D}.AppStore|iPhoneSimulator.Build.0 = Release|Any CPU
		{4DDA6AC8-9BEC-42E6-9593-4E1062E3C71D}.Debug|Any CPU.ActiveCfg = Debug|Any CPU
		{4DDA6AC8-9BEC-42E6-9593-4E1062E3C71D}.Debug|Any CPU.Build.0 = Debug|Any CPU
		{4DDA6AC8-9BEC-42E6-9593-4E1062E3C71D}.Debug|iPhone.ActiveCfg = Debug|Any CPU
		{4DDA6AC8-9BEC-42E6-9593-4E1062E3C71D}.Debug|iPhone.Build.0 = Debug|Any CPU
		{4DDA6AC8-9BEC-42E6-9593-4E1062E3C71D}.Debug|iPhoneSimulator.ActiveCfg = Debug|Any CPU
		{4DDA6AC8-9BEC-42E6-9593-4E1062E3C71D}.Debug|iPhoneSimulator.Build.0 = Debug|Any CPU
		{4DDA6AC8-9BEC-42E6-9593-4E1062E3C71D}.Release|Any CPU.ActiveCfg = Release|Any CPU
		{4DDA6AC8-9BEC-42E6-9593-4E1062E3C71D}.Release|Any CPU.Build.0 = Release|Any CPU
		{4DDA6AC8-9BEC-42E6-9593-4E1062E3C71D}.Release|iPhone.ActiveCfg = Release|Any CPU
		{4DDA6AC8-9BEC-42E6-9593-4E1062E3C71D}.Release|iPhone.Build.0 = Release|Any CPU
		{4DDA6AC8-9BEC-42E6-9593-4E1062E3C71D}.Release|iPhoneSimulator.ActiveCfg = Release|Any CPU
		{4DDA6AC8-9BEC-42E6-9593-4E1062E3C71D}.Release|iPhoneSimulator.Build.0 = Release|Any CPU
		{2FA61FFE-16DE-4225-B953-9F807D182CA2}.Ad-Hoc|Any CPU.ActiveCfg = Release|Any CPU
		{2FA61FFE-16DE-4225-B953-9F807D182CA2}.Ad-Hoc|Any CPU.Build.0 = Release|Any CPU
		{2FA61FFE-16DE-4225-B953-9F807D182CA2}.Ad-Hoc|iPhone.ActiveCfg = Release|Any CPU
		{2FA61FFE-16DE-4225-B953-9F807D182CA2}.Ad-Hoc|iPhone.Build.0 = Release|Any CPU
		{2FA61FFE-16DE-4225-B953-9F807D182CA2}.Ad-Hoc|iPhoneSimulator.ActiveCfg = Release|Any CPU
		{2FA61FFE-16DE-4225-B953-9F807D182CA2}.Ad-Hoc|iPhoneSimulator.Build.0 = Release|Any CPU
		{2FA61FFE-16DE-4225-B953-9F807D182CA2}.AppStore|Any CPU.ActiveCfg = Release|Any CPU
		{2FA61FFE-16DE-4225-B953-9F807D182CA2}.AppStore|Any CPU.Build.0 = Release|Any CPU
		{2FA61FFE-16DE-4225-B953-9F807D182CA2}.AppStore|iPhone.ActiveCfg = Release|Any CPU
		{2FA61FFE-16DE-4225-B953-9F807D182CA2}.AppStore|iPhone.Build.0 = Release|Any CPU
		{2FA61FFE-16DE-4225-B953-9F807D182CA2}.AppStore|iPhoneSimulator.ActiveCfg = Release|Any CPU
		{2FA61FFE-16DE-4225-B953-9F807D182CA2}.AppStore|iPhoneSimulator.Build.0 = Release|Any CPU
		{2FA61FFE-16DE-4225-B953-9F807D182CA2}.Debug|Any CPU.ActiveCfg = Debug|Any CPU
		{2FA61FFE-16DE-4225-B953-9F807D182CA2}.Debug|Any CPU.Build.0 = Debug|Any CPU
		{2FA61FFE-16DE-4225-B953-9F807D182CA2}.Debug|iPhone.ActiveCfg = Debug|Any CPU
		{2FA61FFE-16DE-4225-B953-9F807D182CA2}.Debug|iPhone.Build.0 = Debug|Any CPU
		{2FA61FFE-16DE-4225-B953-9F807D182CA2}.Debug|iPhoneSimulator.ActiveCfg = Debug|Any CPU
		{2FA61FFE-16DE-4225-B953-9F807D182CA2}.Debug|iPhoneSimulator.Build.0 = Debug|Any CPU
		{2FA61FFE-16DE-4225-B953-9F807D182CA2}.Release|Any CPU.ActiveCfg = Release|Any CPU
		{2FA61FFE-16DE-4225-B953-9F807D182CA2}.Release|Any CPU.Build.0 = Release|Any CPU
		{2FA61FFE-16DE-4225-B953-9F807D182CA2}.Release|iPhone.ActiveCfg = Release|Any CPU
		{2FA61FFE-16DE-4225-B953-9F807D182CA2}.Release|iPhone.Build.0 = Release|Any CPU
		{2FA61FFE-16DE-4225-B953-9F807D182CA2}.Release|iPhoneSimulator.ActiveCfg = Release|Any CPU
		{2FA61FFE-16DE-4225-B953-9F807D182CA2}.Release|iPhoneSimulator.Build.0 = Release|Any CPU
		{5D67C64B-930A-49B5-B171-58BCE0544E05}.Ad-Hoc|Any CPU.ActiveCfg = Release|Any CPU
		{5D67C64B-930A-49B5-B171-58BCE0544E05}.Ad-Hoc|Any CPU.Build.0 = Release|Any CPU
		{5D67C64B-930A-49B5-B171-58BCE0544E05}.Ad-Hoc|iPhone.ActiveCfg = Release|Any CPU
		{5D67C64B-930A-49B5-B171-58BCE0544E05}.Ad-Hoc|iPhone.Build.0 = Release|Any CPU
		{5D67C64B-930A-49B5-B171-58BCE0544E05}.Ad-Hoc|iPhoneSimulator.ActiveCfg = Release|Any CPU
		{5D67C64B-930A-49B5-B171-58BCE0544E05}.Ad-Hoc|iPhoneSimulator.Build.0 = Release|Any CPU
		{5D67C64B-930A-49B5-B171-58BCE0544E05}.AppStore|Any CPU.ActiveCfg = Release|Any CPU
		{5D67C64B-930A-49B5-B171-58BCE0544E05}.AppStore|Any CPU.Build.0 = Release|Any CPU
		{5D67C64B-930A-49B5-B171-58BCE0544E05}.AppStore|iPhone.ActiveCfg = Release|Any CPU
		{5D67C64B-930A-49B5-B171-58BCE0544E05}.AppStore|iPhone.Build.0 = Release|Any CPU
		{5D67C64B-930A-49B5-B171-58BCE0544E05}.AppStore|iPhoneSimulator.ActiveCfg = Release|Any CPU
		{5D67C64B-930A-49B5-B171-58BCE0544E05}.AppStore|iPhoneSimulator.Build.0 = Release|Any CPU
		{5D67C64B-930A-49B5-B171-58BCE0544E05}.Debug|Any CPU.ActiveCfg = Debug|Any CPU
		{5D67C64B-930A-49B5-B171-58BCE0544E05}.Debug|Any CPU.Build.0 = Debug|Any CPU
		{5D67C64B-930A-49B5-B171-58BCE0544E05}.Debug|iPhone.ActiveCfg = Debug|Any CPU
		{5D67C64B-930A-49B5-B171-58BCE0544E05}.Debug|iPhone.Build.0 = Debug|Any CPU
		{5D67C64B-930A-49B5-B171-58BCE0544E05}.Debug|iPhoneSimulator.ActiveCfg = Debug|Any CPU
		{5D67C64B-930A-49B5-B171-58BCE0544E05}.Debug|iPhoneSimulator.Build.0 = Debug|Any CPU
		{5D67C64B-930A-49B5-B171-58BCE0544E05}.Release|Any CPU.ActiveCfg = Release|Any CPU
		{5D67C64B-930A-49B5-B171-58BCE0544E05}.Release|Any CPU.Build.0 = Release|Any CPU
		{5D67C64B-930A-49B5-B171-58BCE0544E05}.Release|iPhone.ActiveCfg = Release|Any CPU
		{5D67C64B-930A-49B5-B171-58BCE0544E05}.Release|iPhone.Build.0 = Release|Any CPU
		{5D67C64B-930A-49B5-B171-58BCE0544E05}.Release|iPhoneSimulator.ActiveCfg = Release|Any CPU
		{5D67C64B-930A-49B5-B171-58BCE0544E05}.Release|iPhoneSimulator.Build.0 = Release|Any CPU
	EndGlobalSection
	GlobalSection(SolutionProperties) = preSolution
		HideSolutionNode = FALSE
	EndGlobalSection
	GlobalSection(NestedProjects) = preSolution
		{BE629132-CEE4-4591-8C2C-255CA964B7BE} = {64842195-011B-46DE-8431-4C515B513D36}
		{E5F2CFAF-D794-43B7-BB2D-94CBBC657E98} = {64842195-011B-46DE-8431-4C515B513D36}
		{FCBE8BB7-CE8E-4AA7-A046-D98E117539D4} = {64842195-011B-46DE-8431-4C515B513D36}
		{FBEC01B4-9C67-42D9-9A34-48A2703B6207} = {C1B3C3D1-1D0D-4065-BE6E-E315B0F53ED4}
		{3DC0F800-5448-48DA-9F1D-40BEE873F7FB} = {C1B3C3D1-1D0D-4065-BE6E-E315B0F53ED4}
		{67F9D3A8-F71E-4428-913F-C37AE82CDB24} = {C1B3C3D1-1D0D-4065-BE6E-E315B0F53ED4}
		{9F0EBC90-B284-47D1-B5E2-3A58429BFB59} = {C1B3C3D1-1D0D-4065-BE6E-E315B0F53ED4}
		{17018433-A5AB-4CB0-8507-30889845C71A} = {C1B3C3D1-1D0D-4065-BE6E-E315B0F53ED4}
		{4DDA6AC8-9BEC-42E6-9593-4E1062E3C71D} = {C1B3C3D1-1D0D-4065-BE6E-E315B0F53ED4}
		{2FA61FFE-16DE-4225-B953-9F807D182CA2} = {C1B3C3D1-1D0D-4065-BE6E-E315B0F53ED4}
		{5D67C64B-930A-49B5-B171-58BCE0544E05} = {ECF6F554-C191-4322-9616-914F06E249FE}
	EndGlobalSection
EndGlobal
